// !$*UTF8*$!
{
	archiveVersion = 1;
	classes = {
	};
	objectVersion = 56;
	objects = {

/* Begin PBXBuildFile section */
		0AE36558D1B2D057D955FE42 /* TuistBundle+Abada.swift in Sources */ = {isa = PBXBuildFile; fileRef = 06337B4A1DD5C892A94F48DD /* TuistBundle+Abada.swift */; };
		223370BBCEB508BEFF05129C /* AbadaDI.framework in Frameworks */ = {isa = PBXBuildFile; fileRef = BA5CB80145BB713FCC912268 /* AbadaDI.framework */; };
		28235040AB0836E0E2CF140E /* LaunchScreen.storyboard in Resources */ = {isa = PBXBuildFile; fileRef = 9D38FB83626A611E1D79BDA0 /* LaunchScreen.storyboard */; };
		460903BEB4709E38F4FE55A9 /* AbadaCore.framework in Frameworks */ = {isa = PBXBuildFile; fileRef = 4A23A56C2AE05D5EA9E968CD /* AbadaCore.framework */; };
		4F83263DC0309920BBA6DC10 /* ViewController.swift in Sources */ = {isa = PBXBuildFile; fileRef = DB210787BAE9C17CC331781B /* ViewController.swift */; };
		53ACC0FD0E63B641B00A1F7C /* AbadaUI.framework in Frameworks */ = {isa = PBXBuildFile; fileRef = 785677B6A995BA7462C01C66 /* AbadaUI.framework */; };
		8CC39FBA989E69A7C1B17F3E /* Assets.xcassets in Resources */ = {isa = PBXBuildFile; fileRef = A3BDEE517EAAB6DEA6C9485A /* Assets.xcassets */; };
		BB142EFEE546379CB02E0DC7 /* TuistAssets+Abada.swift in Sources */ = {isa = PBXBuildFile; fileRef = EDA02AE4D9C7AF79B1DE29EC /* TuistAssets+Abada.swift */; };
		F0B1DA9881906A4923064EFA /* AppDelegate.swift in Sources */ = {isa = PBXBuildFile; fileRef = 3C6E5526C64053A41EE09138 /* AppDelegate.swift */; };
/* End PBXBuildFile section */

/* Begin PBXCopyFilesBuildPhase section */
		29A9475E41386E9E536678DA /* Embed Frameworks */ = {
			isa = PBXCopyFilesBuildPhase;
			buildActionMask = 2147483647;
			dstPath = "";
			dstSubfolderSpec = 10;
			files = (
			);
			name = "Embed Frameworks";
			runOnlyForDeploymentPostprocessing = 0;
		};
/* End PBXCopyFilesBuildPhase section */

/* Begin PBXFileReference section */
		06337B4A1DD5C892A94F48DD /* TuistBundle+Abada.swift */ = {isa = PBXFileReference; lastKnownFileType = sourcecode.swift; path = "TuistBundle+Abada.swift"; sourceTree = "<group>"; };
		3C6E5526C64053A41EE09138 /* AppDelegate.swift */ = {isa = PBXFileReference; lastKnownFileType = sourcecode.swift; path = AppDelegate.swift; sourceTree = "<group>"; };
		4A23A56C2AE05D5EA9E968CD /* AbadaCore.framework */ = {isa = PBXFileReference; explicitFileType = wrapper.framework; includeInIndex = 0; path = AbadaCore.framework; sourceTree = BUILT_PRODUCTS_DIR; };
		785677B6A995BA7462C01C66 /* AbadaUI.framework */ = {isa = PBXFileReference; explicitFileType = wrapper.framework; includeInIndex = 0; path = AbadaUI.framework; sourceTree = BUILT_PRODUCTS_DIR; };
		81BE983251C0FE4C20D67CDC /* Info.plist */ = {isa = PBXFileReference; lastKnownFileType = text.plist; path = Info.plist; sourceTree = "<group>"; };
		A3BDEE517EAAB6DEA6C9485A /* Assets.xcassets */ = {isa = PBXFileReference; lastKnownFileType = folder.assetcatalog; path = Assets.xcassets; sourceTree = "<group>"; };
		BA5CB80145BB713FCC912268 /* AbadaDI.framework */ = {isa = PBXFileReference; explicitFileType = wrapper.framework; includeInIndex = 0; path = AbadaDI.framework; sourceTree = BUILT_PRODUCTS_DIR; };
		C77E2D85E0A5E99F1102F35B /* Base */ = {isa = PBXFileReference; lastKnownFileType = file.storyboard; name = Base; path = Base.lproj/LaunchScreen.storyboard; sourceTree = "<group>"; };
		DB210787BAE9C17CC331781B /* ViewController.swift */ = {isa = PBXFileReference; lastKnownFileType = sourcecode.swift; path = ViewController.swift; sourceTree = "<group>"; };
		DD6C17AB994E46F3A146877B /* Abada.app */ = {isa = PBXFileReference; explicitFileType = wrapper.application; includeInIndex = 0; path = Abada.app; sourceTree = BUILT_PRODUCTS_DIR; };
		EDA02AE4D9C7AF79B1DE29EC /* TuistAssets+Abada.swift */ = {isa = PBXFileReference; lastKnownFileType = sourcecode.swift; path = "TuistAssets+Abada.swift"; sourceTree = "<group>"; };
/* End PBXFileReference section */

/* Begin PBXFrameworksBuildPhase section */
		3C5A23E823D7AA20D98D2406 /* Frameworks */ = {
			isa = PBXFrameworksBuildPhase;
			buildActionMask = 2147483647;
			files = (
				460903BEB4709E38F4FE55A9 /* AbadaCore.framework in Frameworks */,
				223370BBCEB508BEFF05129C /* AbadaDI.framework in Frameworks */,
				53ACC0FD0E63B641B00A1F7C /* AbadaUI.framework in Frameworks */,
			);
			runOnlyForDeploymentPostprocessing = 0;
		};
/* End PBXFrameworksBuildPhase section */

/* Begin PBXGroup section */
		307AF91E2E6FA4FA3EBC80B2 /* Project */ = {
			isa = PBXGroup;
			children = (
				B99F7204D8F9447669DB2E85 /* Abada */,
				9F33A7739574B7375D200356 /* Derived */,
			);
			name = Project;
			sourceTree = "<group>";
		};
		3EA9F39C6814FE6F51F81A97 /* Sources */ = {
			isa = PBXGroup;
			children = (
				EDA02AE4D9C7AF79B1DE29EC /* TuistAssets+Abada.swift */,
				06337B4A1DD5C892A94F48DD /* TuistBundle+Abada.swift */,
			);
			path = Sources;
			sourceTree = "<group>";
		};
		67C838FB0E838BFE379CE9A7 /* Resources */ = {
			isa = PBXGroup;
			children = (
				9D38FB83626A611E1D79BDA0 /* LaunchScreen.storyboard */,
				A3BDEE517EAAB6DEA6C9485A /* Assets.xcassets */,
			);
			path = Resources;
			sourceTree = "<group>";
		};
		8672CFDF55A287318A58E055 = {
			isa = PBXGroup;
			children = (
				307AF91E2E6FA4FA3EBC80B2 /* Project */,
				F5A4815D12D260E584D3EED0 /* Frameworks */,
				F9C5CCB79C8E70AEF8508E6F /* Products */,
			);
			sourceTree = "<group>";
		};
		9F33A7739574B7375D200356 /* Derived */ = {
			isa = PBXGroup;
			children = (
				3EA9F39C6814FE6F51F81A97 /* Sources */,
			);
			path = Derived;
			sourceTree = "<group>";
		};
		B99F7204D8F9447669DB2E85 /* Abada */ = {
			isa = PBXGroup;
			children = (
				67C838FB0E838BFE379CE9A7 /* Resources */,
				DE09BEC1CFBB8F20C58DBF2D /* Sources */,
				81BE983251C0FE4C20D67CDC /* Info.plist */,
			);
			path = Abada;
			sourceTree = "<group>";
		};
		DE09BEC1CFBB8F20C58DBF2D /* Sources */ = {
			isa = PBXGroup;
			children = (
				3C6E5526C64053A41EE09138 /* AppDelegate.swift */,
				DB210787BAE9C17CC331781B /* ViewController.swift */,
			);
			path = Sources;
			sourceTree = "<group>";
		};
		F5A4815D12D260E584D3EED0 /* Frameworks */ = {
			isa = PBXGroup;
			children = (
			);
			name = Frameworks;
			sourceTree = "<group>";
		};
		F9C5CCB79C8E70AEF8508E6F /* Products */ = {
			isa = PBXGroup;
			children = (
				DD6C17AB994E46F3A146877B /* Abada.app */,
				4A23A56C2AE05D5EA9E968CD /* AbadaCore.framework */,
				BA5CB80145BB713FCC912268 /* AbadaDI.framework */,
				785677B6A995BA7462C01C66 /* AbadaUI.framework */,
			);
			name = Products;
			sourceTree = "<group>";
		};
/* End PBXGroup section */

/* Begin PBXNativeTarget section */
		45673BF61EBF58FE6F529D57 /* Abada */ = {
			isa = PBXNativeTarget;
			buildConfigurationList = BE1BCA0935A7F46F50F200D4 /* Build configuration list for PBXNativeTarget "Abada" */;
			buildPhases = (
				F2C6B403D066FE57BA0AD6E4 /* Sources */,
				6936CA369E9D8C67F33DBCEE /* Resources */,
				29A9475E41386E9E536678DA /* Embed Frameworks */,
				3C5A23E823D7AA20D98D2406 /* Frameworks */,
				A8504D29DB246D86613BB4E8 /* swiftLintScript */,
			);
			buildRules = (
			);
			dependencies = (
			);
			name = Abada;
			productName = Abada;
			productReference = DD6C17AB994E46F3A146877B /* Abada.app */;
			productType = "com.apple.product-type.application";
		};
/* End PBXNativeTarget section */

/* Begin PBXProject section */
		7165D43E4A4D63EF7C672FDD /* Project object */ = {
			isa = PBXProject;
			attributes = {
				BuildIndependentTargetsInParallel = YES;
				LastUpgradeCheck = 1530;
			};
			buildConfigurationList = 9A707BC7011BA6E0985B339B /* Build configuration list for PBXProject "Abada" */;
			compatibilityVersion = "Xcode 14.0";
			developmentRegion = en;
			hasScannedForEncodings = 0;
			knownRegions = (
				Base,
				en,
			);
			mainGroup = 8672CFDF55A287318A58E055;
			productRefGroup = F9C5CCB79C8E70AEF8508E6F /* Products */;
			projectDirPath = "";
			projectRoot = "";
			targets = (
				45673BF61EBF58FE6F529D57 /* Abada */,
			);
		};
/* End PBXProject section */

/* Begin PBXResourcesBuildPhase section */
		6936CA369E9D8C67F33DBCEE /* Resources */ = {
			isa = PBXResourcesBuildPhase;
			buildActionMask = 2147483647;
			files = (
				8CC39FBA989E69A7C1B17F3E /* Assets.xcassets in Resources */,
				28235040AB0836E0E2CF140E /* LaunchScreen.storyboard in Resources */,
			);
			runOnlyForDeploymentPostprocessing = 0;
		};
/* End PBXResourcesBuildPhase section */

/* Begin PBXShellScriptBuildPhase section */
		A8504D29DB246D86613BB4E8 /* swiftLintScript */ = {
			isa = PBXShellScriptBuildPhase;
			buildActionMask = 2147483647;
			files = (
			);
			inputFileListPaths = (
			);
			inputPaths = (
			);
			name = swiftLintScript;
			outputFileListPaths = (
			);
			outputPaths = (
			);
			runOnlyForDeploymentPostprocessing = 0;
			shellPath = /bin/sh;
			shellScript = "if [[ \"$(uname -m)\" == arm64 ]]; then\n    export PATH=\"/opt/homebrew/bin:$PATH\"\nfi\n\nif which swiftlint >/dev/null; then\n  swiftlint --fix --format\n  swiftlint\nelse\n  echo \"warning: SwiftLint not installed, download from https://github.com/realm/SwiftLint\"\nfi\n";
			showEnvVarsInLog = 0;
		};
/* End PBXShellScriptBuildPhase section */

/* Begin PBXSourcesBuildPhase section */
		F2C6B403D066FE57BA0AD6E4 /* Sources */ = {
			isa = PBXSourcesBuildPhase;
			buildActionMask = 2147483647;
			files = (
				F0B1DA9881906A4923064EFA /* AppDelegate.swift in Sources */,
				4F83263DC0309920BBA6DC10 /* ViewController.swift in Sources */,
				BB142EFEE546379CB02E0DC7 /* TuistAssets+Abada.swift in Sources */,
				0AE36558D1B2D057D955FE42 /* TuistBundle+Abada.swift in Sources */,
			);
			runOnlyForDeploymentPostprocessing = 0;
		};
/* End PBXSourcesBuildPhase section */

/* Begin PBXVariantGroup section */
		9D38FB83626A611E1D79BDA0 /* LaunchScreen.storyboard */ = {
			isa = PBXVariantGroup;
			children = (
				C77E2D85E0A5E99F1102F35B /* Base */,
			);
			name = LaunchScreen.storyboard;
			sourceTree = "<group>";
		};
/* End PBXVariantGroup section */

/* Begin XCBuildConfiguration section */
		4A680A5BFF46B88D76995AB2 /* Release */ = {
			isa = XCBuildConfiguration;
			buildSettings = {
				ASSETCATALOG_COMPILER_APPICON_NAME = AppIcon;
				CODE_SIGN_IDENTITY = "iPhone Developer";
				DEVELOPMENT_TEAM = N85MKK397C;
				ENABLE_PREVIEWS = YES;
				INFOPLIST_FILE = Abada/Info.plist;
				IPHONEOS_DEPLOYMENT_TARGET = 14.0;
				LD_RUNPATH_SEARCH_PATHS = (
					"$(inherited)",
					"@executable_path/Frameworks",
				);
				PRODUCT_BUNDLE_IDENTIFIER = maksim.gurkov.Abada;
				PRODUCT_NAME = Abada;
				SDKROOT = iphoneos;
				SUPPORTS_MACCATALYST = NO;
				SUPPORTS_MAC_DESIGNED_FOR_IPHONE_IPAD = YES;
				SUPPORTS_XR_DESIGNED_FOR_IPHONE_IPAD = NO;
				SWIFT_COMPILATION_MODE = wholemodule;
				SWIFT_OPTIMIZATION_LEVEL = "-Owholemodule";
				SWIFT_VERSION = 5.0;
				TARGETED_DEVICE_FAMILY = 1;
			};
			name = Release;
		};
		6A36B0A06F51A26526B4B17B /* Debug */ = {
			isa = XCBuildConfiguration;
			buildSettings = {
				ASSETCATALOG_COMPILER_APPICON_NAME = AppIcon;
				CODE_SIGN_IDENTITY = "iPhone Developer";
				DEVELOPMENT_TEAM = N85MKK397C;
				ENABLE_PREVIEWS = YES;
				INFOPLIST_FILE = Abada/Info.plist;
				IPHONEOS_DEPLOYMENT_TARGET = 14.0;
				LD_RUNPATH_SEARCH_PATHS = (
					"$(inherited)",
					"@executable_path/Frameworks",
				);
				PRODUCT_BUNDLE_IDENTIFIER = maksim.gurkov.Abada;
				PRODUCT_NAME = Abada;
				SDKROOT = iphoneos;
				SUPPORTS_MACCATALYST = NO;
				SUPPORTS_MAC_DESIGNED_FOR_IPHONE_IPAD = YES;
				SUPPORTS_XR_DESIGNED_FOR_IPHONE_IPAD = NO;
				SWIFT_ACTIVE_COMPILATION_CONDITIONS = DEBUG;
				SWIFT_COMPILATION_MODE = singlefile;
				SWIFT_OPTIMIZATION_LEVEL = "-Onone";
				SWIFT_VERSION = 5.0;
				TARGETED_DEVICE_FAMILY = 1;
			};
			name = Debug;
		};
		7A2DC833F8A62A39146E7719 /* Debug */ = {
			isa = XCBuildConfiguration;
			buildSettings = {
				ALWAYS_SEARCH_USER_PATHS = NO;
				CLANG_ANALYZER_LOCALIZABILITY_NONLOCALIZED = YES;
				CLANG_ANALYZER_NONNULL = YES;
				CLANG_ANALYZER_NUMBER_OBJECT_CONVERSION = YES_AGGRESSIVE;
				CLANG_CXX_LANGUAGE_STANDARD = "gnu++14";
				CLANG_CXX_LIBRARY = "libc++";
				CLANG_ENABLE_MODULES = YES;
				CLANG_ENABLE_OBJC_ARC = YES;
				CLANG_ENABLE_OBJC_WEAK = YES;
				CLANG_WARN_BLOCK_CAPTURE_AUTORELEASING = YES;
				CLANG_WARN_BOOL_CONVERSION = YES;
				CLANG_WARN_COMMA = YES;
				CLANG_WARN_CONSTANT_CONVERSION = YES;
				CLANG_WARN_DEPRECATED_OBJC_IMPLEMENTATIONS = YES;
				CLANG_WARN_DIRECT_OBJC_ISA_USAGE = YES_ERROR;
				CLANG_WARN_DOCUMENTATION_COMMENTS = YES;
				CLANG_WARN_EMPTY_BODY = YES;
				CLANG_WARN_ENUM_CONVERSION = YES;
				CLANG_WARN_INFINITE_RECURSION = YES;
				CLANG_WARN_INT_CONVERSION = YES;
				CLANG_WARN_NON_LITERAL_NULL_CONVERSION = YES;
				CLANG_WARN_OBJC_IMPLICIT_RETAIN_SELF = YES;
				CLANG_WARN_OBJC_LITERAL_CONVERSION = YES;
				CLANG_WARN_OBJC_ROOT_CLASS = YES_ERROR;
				CLANG_WARN_QUOTED_INCLUDE_IN_FRAMEWORK_HEADER = YES;
				CLANG_WARN_RANGE_LOOP_ANALYSIS = YES;
				CLANG_WARN_STRICT_PROTOTYPES = YES;
				CLANG_WARN_SUSPICIOUS_MOVE = YES;
				CLANG_WARN_UNGUARDED_AVAILABILITY = YES_AGGRESSIVE;
				CLANG_WARN_UNREACHABLE_CODE = YES;
				CLANG_WARN__DUPLICATE_METHOD_MATCH = YES;
				COPY_PHASE_STRIP = NO;
				CURRENT_PROJECT_VERSION = 1;
				DEAD_CODE_STRIPPING = YES;
				DEBUG_INFORMATION_FORMAT = dwarf;
				ENABLE_STRICT_OBJC_MSGSEND = YES;
				ENABLE_TESTABILITY = YES;
				GCC_C_LANGUAGE_STANDARD = gnu11;
				GCC_DYNAMIC_NO_PIC = NO;
				GCC_NO_COMMON_BLOCKS = YES;
				GCC_OPTIMIZATION_LEVEL = 0;
				GCC_PREPROCESSOR_DEFINITIONS = (
					"DEBUG=1",
					"$(inherited)",
				);
				GCC_WARN_64_TO_32_BIT_CONVERSION = YES;
				GCC_WARN_ABOUT_RETURN_TYPE = YES_ERROR;
				GCC_WARN_UNDECLARED_SELECTOR = YES;
				GCC_WARN_UNINITIALIZED_AUTOS = YES_AGGRESSIVE;
				GCC_WARN_UNUSED_FUNCTION = YES;
				GCC_WARN_UNUSED_VARIABLE = YES;
				MARKETING_VERSION = 1.0;
				MTL_ENABLE_DEBUG_INFO = YES;
				ONLY_ACTIVE_ARCH = YES;
				PRODUCT_NAME = "$(TARGET_NAME)";
				VERSIONING_SYSTEM = "apple-generic";
			};
			name = Debug;
		};
		CA5DBA936A3DC906828E0AC1 /* Release */ = {
			isa = XCBuildConfiguration;
			buildSettings = {
				ALWAYS_SEARCH_USER_PATHS = NO;
				CLANG_ANALYZER_LOCALIZABILITY_NONLOCALIZED = YES;
				CLANG_ANALYZER_NONNULL = YES;
				CLANG_ANALYZER_NUMBER_OBJECT_CONVERSION = YES_AGGRESSIVE;
				CLANG_CXX_LANGUAGE_STANDARD = "gnu++14";
				CLANG_CXX_LIBRARY = "libc++";
				CLANG_ENABLE_MODULES = YES;
				CLANG_ENABLE_OBJC_ARC = YES;
				CLANG_ENABLE_OBJC_WEAK = YES;
				CLANG_WARN_BLOCK_CAPTURE_AUTORELEASING = YES;
				CLANG_WARN_BOOL_CONVERSION = YES;
				CLANG_WARN_COMMA = YES;
				CLANG_WARN_CONSTANT_CONVERSION = YES;
				CLANG_WARN_DEPRECATED_OBJC_IMPLEMENTATIONS = YES;
				CLANG_WARN_DIRECT_OBJC_ISA_USAGE = YES_ERROR;
				CLANG_WARN_DOCUMENTATION_COMMENTS = YES;
				CLANG_WARN_EMPTY_BODY = YES;
				CLANG_WARN_ENUM_CONVERSION = YES;
				CLANG_WARN_INFINITE_RECURSION = YES;
				CLANG_WARN_INT_CONVERSION = YES;
				CLANG_WARN_NON_LITERAL_NULL_CONVERSION = YES;
				CLANG_WARN_OBJC_IMPLICIT_RETAIN_SELF = YES;
				CLANG_WARN_OBJC_LITERAL_CONVERSION = YES;
				CLANG_WARN_OBJC_ROOT_CLASS = YES_ERROR;
				CLANG_WARN_QUOTED_INCLUDE_IN_FRAMEWORK_HEADER = YES;
				CLANG_WARN_RANGE_LOOP_ANALYSIS = YES;
				CLANG_WARN_STRICT_PROTOTYPES = YES;
				CLANG_WARN_SUSPICIOUS_MOVE = YES;
				CLANG_WARN_UNGUARDED_AVAILABILITY = YES_AGGRESSIVE;
				CLANG_WARN_UNREACHABLE_CODE = YES;
				CLANG_WARN__DUPLICATE_METHOD_MATCH = YES;
				COPY_PHASE_STRIP = NO;
				CURRENT_PROJECT_VERSION = 1;
				DEAD_CODE_STRIPPING = YES;
				DEBUG_INFORMATION_FORMAT = "dwarf-with-dsym";
				ENABLE_NS_ASSERTIONS = NO;
				ENABLE_STRICT_OBJC_MSGSEND = YES;
				GCC_C_LANGUAGE_STANDARD = gnu11;
				GCC_NO_COMMON_BLOCKS = YES;
				GCC_WARN_64_TO_32_BIT_CONVERSION = YES;
				GCC_WARN_ABOUT_RETURN_TYPE = YES_ERROR;
				GCC_WARN_UNDECLARED_SELECTOR = YES;
				GCC_WARN_UNINITIALIZED_AUTOS = YES_AGGRESSIVE;
				GCC_WARN_UNUSED_FUNCTION = YES;
				GCC_WARN_UNUSED_VARIABLE = YES;
				MARKETING_VERSION = 1.0;
				MTL_ENABLE_DEBUG_INFO = NO;
				PRODUCT_NAME = "$(TARGET_NAME)";
				VALIDATE_PRODUCT = YES;
				VERSIONING_SYSTEM = "apple-generic";
			};
			name = Release;
		};
/* End XCBuildConfiguration section */

/* Begin XCConfigurationList section */
		9A707BC7011BA6E0985B339B /* Build configuration list for PBXProject "Abada" */ = {
			isa = XCConfigurationList;
			buildConfigurations = (
				7A2DC833F8A62A39146E7719 /* Debug */,
				CA5DBA936A3DC906828E0AC1 /* Release */,
			);
			defaultConfigurationIsVisible = 0;
			defaultConfigurationName = Release;
		};
		BE1BCA0935A7F46F50F200D4 /* Build configuration list for PBXNativeTarget "Abada" */ = {
			isa = XCConfigurationList;
			buildConfigurations = (
				6A36B0A06F51A26526B4B17B /* Debug */,
				4A680A5BFF46B88D76995AB2 /* Release */,
			);
			defaultConfigurationIsVisible = 0;
			defaultConfigurationName = Release;
		};
/* End XCConfigurationList section */
	};
	rootObject = 7165D43E4A4D63EF7C672FDD /* Project object */;
}
